
Microsoft Visual Studio Solution File, Format Version 12.00
# Visual Studio Version 17
VisualStudioVersion = 17.4.33213.308
MinimumVisualStudioVersion = 10.0.40219.1
Project("{FAE04EC0-301F-11D3-BF4B-00C04F79EFBC}") = "AdvancedCSharp06", "AdvancedCSharp06\AdvancedCSharp06.csproj", "{8F6B9F9B-358E-4186-B9F6-FD174059668A}"
EndProject
Global
	GlobalSection(SolutionConfigurationPlatforms) = preSolution
		Debug|Any CPU = Debug|Any CPU
		Release|Any CPU = Release|Any CPU
	EndGlobalSection
	GlobalSection(ProjectConfigurationPlatforms) = postSolution
		{8F6B9F9B-358E-4186-B9F6-FD174059668A}.Debug|Any CPU.ActiveCfg = Debug|Any CPU
		{8F6B9F9B-358E-4186-B9F6-FD174059668A}.Debug|Any CPU.Build.0 = Debug|Any CPU
		{8F6B9F9B-358E-4186-B9F6-FD174059668A}.Release|Any CPU.ActiveCfg = Release|Any CPU
		{8F6B9F9B-358E-4186-B9F6-FD174059668A}.Release|Any CPU.Build.0 = Release|Any CPU
	EndGlobalSection
	GlobalSection(SolutionProperties) = preSolution
		HideSolutionNode = FALSE
	EndGlobalSection
	GlobalSection(ExtensibilityGlobals) = postSolution
		SolutionGuid = {612CDDF2-EFE7-4B21-875A-67DFA7A193D3}
	EndGlobalSection
EndGlobal
